
Microsoft Visual Studio Solution File, Format Version 12.00
# Visual Studio Version 17
VisualStudioVersion = 17.14.36408.4 d17.14
MinimumVisualStudioVersion = 10.0.40219.1
Project("{FAE04EC0-301F-11D3-BF4B-00C04F79EFBC}") = "Frontend", "Frontend\Frontend.csproj", "{53B2B409-BD49-49C7-B2D8-0B25ADB0E103}"
EndProject
Global
	GlobalSection(SolutionConfigurationPlatforms) = preSolution
		Debug|Any CPU = Debug|Any CPU
		Release|Any CPU = Release|Any CPU
	EndGlobalSection
	GlobalSection(ProjectConfigurationPlatforms) = postSolution
		{53B2B409-BD49-49C7-B2D8-0B25ADB0E103}.Debug|Any CPU.ActiveCfg = Debug|Any CPU
		{53B2B409-BD49-49C7-B2D8-0B25ADB0E103}.Debug|Any CPU.Build.0 = Debug|Any CPU
		{53B2B409-BD49-49C7-B2D8-0B25ADB0E103}.Release|Any CPU.ActiveCfg = Release|Any CPU
		{53B2B409-BD49-49C7-B2D8-0B25ADB0E103}.Release|Any CPU.Build.0 = Release|Any CPU
	EndGlobalSection
	GlobalSection(SolutionProperties) = preSolution
		HideSolutionNode = FALSE
	EndGlobalSection
	GlobalSection(ExtensibilityGlobals) = postSolution
		SolutionGuid = {1E335736-CBD2-4F57-B023-E8EC9A4CF43F}
	EndGlobalSection
EndGlobal
